
Microsoft Visual Studio Solution File, Format Version 12.00
# Visual Studio Version 17
VisualStudioVersion = 17.0.31903.59
MinimumVisualStudioVersion = 10.0.40219.1
Project("{2150E333-8FDC-42A3-9474-1A3956D46DE8}") = "Lv0", "Lv0", "{2B0BC035-ACF7-59A4-3F7E-FC998CAA23D8}"
EndProject
Project("{FAE04EC0-301F-11D3-BF4B-00C04F79EFBC}") = "Output", "Lv0\Output\Output.csproj", "{F52419E4-231F-4544-A9D1-22A3A505467B}"
EndProject
Project("{FAE04EC0-301F-11D3-BF4B-00C04F79EFBC}") = "Variable", "Lv0\Variable\Variable.csproj", "{9E6B296F-48BF-4658-B616-070CEDCDB130}"
EndProject
Project("{FAE04EC0-301F-11D3-BF4B-00C04F79EFBC}") = "Comment", "Lv0\Comment\Comment.csproj", "{82A74D2B-2844-4002-9C88-E85E38289888}"
EndProject
Project("{FAE04EC0-301F-11D3-BF4B-00C04F79EFBC}") = "Arithmetic", "Lv0\Arithmetic\Arithmetic.csproj", "{58B74CA9-8F16-4D9E-895A-30AF03656496}"
EndProject
Project("{2150E333-8FDC-42A3-9474-1A3956D46DE8}") = "Lv1", "Lv1", "{8DFF389A-A7FC-5C33-300C-38E4A9A08906}"
EndProject
Project("{FAE04EC0-301F-11D3-BF4B-00C04F79EFBC}") = "Input", "Lv1\Input\Input.csproj", "{0E6C5247-8C78-465E-89B2-0937FE475247}"
EndProject
Project("{FAE04EC0-301F-11D3-BF4B-00C04F79EFBC}") = "Conditional", "Lv1\Conditional\Conditional.csproj", "{629EEC8C-3EB9-4E00-BFF6-8167D930255F}"
EndProject
Project("{FAE04EC0-301F-11D3-BF4B-00C04F79EFBC}") = "Conversion", "Lv1\Conversion\Conversion.csproj", "{65C189BD-E45E-4A3E-8301-47B31ECFCC02}"
EndProject
Project("{FAE04EC0-301F-11D3-BF4B-00C04F79EFBC}") = "Relational", "Lv1\Relational\Relational.csproj", "{7DDA2A2D-A7E5-43A1-BDE2-3D61E0B6EF9A}"
EndProject
Project("{FAE04EC0-301F-11D3-BF4B-00C04F79EFBC}") = "Logical", "Lv1\Logical\Logical.csproj", "{C9118564-4169-4916-8E9D-7279D33601C5}"
EndProject
Global
	GlobalSection(SolutionConfigurationPlatforms) = preSolution
		Debug|Any CPU = Debug|Any CPU
		Debug|x64 = Debug|x64
		Debug|x86 = Debug|x86
		Release|Any CPU = Release|Any CPU
		Release|x64 = Release|x64
		Release|x86 = Release|x86
	EndGlobalSection
	GlobalSection(ProjectConfigurationPlatforms) = postSolution
		{F52419E4-231F-4544-A9D1-22A3A505467B}.Debug|Any CPU.ActiveCfg = Debug|Any CPU
		{F52419E4-231F-4544-A9D1-22A3A505467B}.Debug|Any CPU.Build.0 = Debug|Any CPU
		{F52419E4-231F-4544-A9D1-22A3A505467B}.Debug|x64.ActiveCfg = Debug|Any CPU
		{F52419E4-231F-4544-A9D1-22A3A505467B}.Debug|x64.Build.0 = Debug|Any CPU
		{F52419E4-231F-4544-A9D1-22A3A505467B}.Debug|x86.ActiveCfg = Debug|Any CPU
		{F52419E4-231F-4544-A9D1-22A3A505467B}.Debug|x86.Build.0 = Debug|Any CPU
		{F52419E4-231F-4544-A9D1-22A3A505467B}.Release|Any CPU.ActiveCfg = Release|Any CPU
		{F52419E4-231F-4544-A9D1-22A3A505467B}.Release|Any CPU.Build.0 = Release|Any CPU
		{F52419E4-231F-4544-A9D1-22A3A505467B}.Release|x64.ActiveCfg = Release|Any CPU
		{F52419E4-231F-4544-A9D1-22A3A505467B}.Release|x64.Build.0 = Release|Any CPU
		{F52419E4-231F-4544-A9D1-22A3A505467B}.Release|x86.ActiveCfg = Release|Any CPU
		{F52419E4-231F-4544-A9D1-22A3A505467B}.Release|x86.Build.0 = Release|Any CPU
		{9E6B296F-48BF-4658-B616-070CEDCDB130}.Debug|Any CPU.ActiveCfg = Debug|Any CPU
		{9E6B296F-48BF-4658-B616-070CEDCDB130}.Debug|Any CPU.Build.0 = Debug|Any CPU
		{9E6B296F-48BF-4658-B616-070CEDCDB130}.Debug|x64.ActiveCfg = Debug|Any CPU
		{9E6B296F-48BF-4658-B616-070CEDCDB130}.Debug|x64.Build.0 = Debug|Any CPU
		{9E6B296F-48BF-4658-B616-070CEDCDB130}.Debug|x86.ActiveCfg = Debug|Any CPU
		{9E6B296F-48BF-4658-B616-070CEDCDB130}.Debug|x86.Build.0 = Debug|Any CPU
		{9E6B296F-48BF-4658-B616-070CEDCDB130}.Release|Any CPU.ActiveCfg = Release|Any CPU
		{9E6B296F-48BF-4658-B616-070CEDCDB130}.Release|Any CPU.Build.0 = Release|Any CPU
		{9E6B296F-48BF-4658-B616-070CEDCDB130}.Release|x64.ActiveCfg = Release|Any CPU
		{9E6B296F-48BF-4658-B616-070CEDCDB130}.Release|x64.Build.0 = Release|Any CPU
		{9E6B296F-48BF-4658-B616-070CEDCDB130}.Release|x86.ActiveCfg = Release|Any CPU
		{9E6B296F-48BF-4658-B616-070CEDCDB130}.Release|x86.Build.0 = Release|Any CPU
		{82A74D2B-2844-4002-9C88-E85E38289888}.Debug|Any CPU.ActiveCfg = Debug|Any CPU
		{82A74D2B-2844-4002-9C88-E85E38289888}.Debug|Any CPU.Build.0 = Debug|Any CPU
		{82A74D2B-2844-4002-9C88-E85E38289888}.Debug|x64.ActiveCfg = Debug|Any CPU
		{82A74D2B-2844-4002-9C88-E85E38289888}.Debug|x64.Build.0 = Debug|Any CPU
		{82A74D2B-2844-4002-9C88-E85E38289888}.Debug|x86.ActiveCfg = Debug|Any CPU
		{82A74D2B-2844-4002-9C88-E85E38289888}.Debug|x86.Build.0 = Debug|Any CPU
		{82A74D2B-2844-4002-9C88-E85E38289888}.Release|Any CPU.ActiveCfg = Release|Any CPU
		{82A74D2B-2844-4002-9C88-E85E38289888}.Release|Any CPU.Build.0 = Release|Any CPU
		{82A74D2B-2844-4002-9C88-E85E38289888}.Release|x64.ActiveCfg = Release|Any CPU
		{82A74D2B-2844-4002-9C88-E85E38289888}.Release|x64.Build.0 = Release|Any CPU
		{82A74D2B-2844-4002-9C88-E85E38289888}.Release|x86.ActiveCfg = Release|Any CPU
		{82A74D2B-2844-4002-9C88-E85E38289888}.Release|x86.Build.0 = Release|Any CPU
		{58B74CA9-8F16-4D9E-895A-30AF03656496}.Debug|Any CPU.ActiveCfg = Debug|Any CPU
		{58B74CA9-8F16-4D9E-895A-30AF03656496}.Debug|Any CPU.Build.0 = Debug|Any CPU
		{58B74CA9-8F16-4D9E-895A-30AF03656496}.Debug|x64.ActiveCfg = Debug|Any CPU
		{58B74CA9-8F16-4D9E-895A-30AF03656496}.Debug|x64.Build.0 = Debug|Any CPU
		{58B74CA9-8F16-4D9E-895A-30AF03656496}.Debug|x86.ActiveCfg = Debug|Any CPU
		{58B74CA9-8F16-4D9E-895A-30AF03656496}.Debug|x86.Build.0 = Debug|Any CPU
		{58B74CA9-8F16-4D9E-895A-30AF03656496}.Release|Any CPU.ActiveCfg = Release|Any CPU
		{58B74CA9-8F16-4D9E-895A-30AF03656496}.Release|Any CPU.Build.0 = Release|Any CPU
		{58B74CA9-8F16-4D9E-895A-30AF03656496}.Release|x64.ActiveCfg = Release|Any CPU
		{58B74CA9-8F16-4D9E-895A-30AF03656496}.Release|x64.Build.0 = Release|Any CPU
		{58B74CA9-8F16-4D9E-895A-30AF03656496}.Release|x86.ActiveCfg = Release|Any CPU
		{58B74CA9-8F16-4D9E-895A-30AF03656496}.Release|x86.Build.0 = Release|Any CPU
		{0E6C5247-8C78-465E-89B2-0937FE475247}.Debug|Any CPU.ActiveCfg = Debug|Any CPU
		{0E6C5247-8C78-465E-89B2-0937FE475247}.Debug|Any CPU.Build.0 = Debug|Any CPU
		{0E6C5247-8C78-465E-89B2-0937FE475247}.Debug|x64.ActiveCfg = Debug|Any CPU
		{0E6C5247-8C78-465E-89B2-0937FE475247}.Debug|x64.Build.0 = Debug|Any CPU
		{0E6C5247-8C78-465E-89B2-0937FE475247}.Debug|x86.ActiveCfg = Debug|Any CPU
		{0E6C5247-8C78-465E-89B2-0937FE475247}.Debug|x86.Build.0 = Debug|Any CPU
		{0E6C5247-8C78-465E-89B2-0937FE475247}.Release|Any CPU.ActiveCfg = Release|Any CPU
		{0E6C5247-8C78-465E-89B2-0937FE475247}.Release|Any CPU.Build.0 = Release|Any CPU
		{0E6C5247-8C78-465E-89B2-0937FE475247}.Release|x64.ActiveCfg = Release|Any CPU
		{0E6C5247-8C78-465E-89B2-0937FE475247}.Release|x64.Build.0 = Release|Any CPU
		{0E6C5247-8C78-465E-89B2-0937FE475247}.Release|x86.ActiveCfg = Release|Any CPU
		{0E6C5247-8C78-465E-89B2-0937FE475247}.Release|x86.Build.0 = Release|Any CPU
		{629EEC8C-3EB9-4E00-BFF6-8167D930255F}.Debug|Any CPU.ActiveCfg = Debug|Any CPU
		{629EEC8C-3EB9-4E00-BFF6-8167D930255F}.Debug|Any CPU.Build.0 = Debug|Any CPU
		{629EEC8C-3EB9-4E00-BFF6-8167D930255F}.Debug|x64.ActiveCfg = Debug|Any CPU
		{629EEC8C-3EB9-4E00-BFF6-8167D930255F}.Debug|x64.Build.0 = Debug|Any CPU
		{629EEC8C-3EB9-4E00-BFF6-8167D930255F}.Debug|x86.ActiveCfg = Debug|Any CPU
		{629EEC8C-3EB9-4E00-BFF6-8167D930255F}.Debug|x86.Build.0 = Debug|Any CPU
		{629EEC8C-3EB9-4E00-BFF6-8167D930255F}.Release|Any CPU.ActiveCfg = Release|Any CPU
		{629EEC8C-3EB9-4E00-BFF6-8167D930255F}.Release|Any CPU.Build.0 = Release|Any CPU
		{629EEC8C-3EB9-4E00-BFF6-8167D930255F}.Release|x64.ActiveCfg = Release|Any CPU
		{629EEC8C-3EB9-4E00-BFF6-8167D930255F}.Release|x64.Build.0 = Release|Any CPU
		{629EEC8C-3EB9-4E00-BFF6-8167D930255F}.Release|x86.ActiveCfg = Release|Any CPU
		{629EEC8C-3EB9-4E00-BFF6-8167D930255F}.Release|x86.Build.0 = Release|Any CPU
		{65C189BD-E45E-4A3E-8301-47B31ECFCC02}.Debug|Any CPU.ActiveCfg = Debug|Any CPU
		{65C189BD-E45E-4A3E-8301-47B31ECFCC02}.Debug|Any CPU.Build.0 = Debug|Any CPU
		{65C189BD-E45E-4A3E-8301-47B31ECFCC02}.Debug|x64.ActiveCfg = Debug|Any CPU
		{65C189BD-E45E-4A3E-8301-47B31ECFCC02}.Debug|x64.Build.0 = Debug|Any CPU
		{65C189BD-E45E-4A3E-8301-47B31ECFCC02}.Debug|x86.ActiveCfg = Debug|Any CPU
		{65C189BD-E45E-4A3E-8301-47B31ECFCC02}.Debug|x86.Build.0 = Debug|Any CPU
		{65C189BD-E45E-4A3E-8301-47B31ECFCC02}.Release|Any CPU.ActiveCfg = Release|Any CPU
		{65C189BD-E45E-4A3E-8301-47B31ECFCC02}.Release|Any CPU.Build.0 = Release|Any CPU
		{65C189BD-E45E-4A3E-8301-47B31ECFCC02}.Release|x64.ActiveCfg = Release|Any CPU
		{65C189BD-E45E-4A3E-8301-47B31ECFCC02}.Release|x64.Build.0 = Release|Any CPU
		{65C189BD-E45E-4A3E-8301-47B31ECFCC02}.Release|x86.ActiveCfg = Release|Any CPU
		{65C189BD-E45E-4A3E-8301-47B31ECFCC02}.Release|x86.Build.0 = Release|Any CPU
		{7DDA2A2D-A7E5-43A1-BDE2-3D61E0B6EF9A}.Debug|Any CPU.ActiveCfg = Debug|Any CPU
		{7DDA2A2D-A7E5-43A1-BDE2-3D61E0B6EF9A}.Debug|Any CPU.Build.0 = Debug|Any CPU
		{7DDA2A2D-A7E5-43A1-BDE2-3D61E0B6EF9A}.Debug|x64.ActiveCfg = Debug|Any CPU
		{7DDA2A2D-A7E5-43A1-BDE2-3D61E0B6EF9A}.Debug|x64.Build.0 = Debug|Any CPU
		{7DDA2A2D-A7E5-43A1-BDE2-3D61E0B6EF9A}.Debug|x86.ActiveCfg = Debug|Any CPU
		{7DDA2A2D-A7E5-43A1-BDE2-3D61E0B6EF9A}.Debug|x86.Build.0 = Debug|Any CPU
		{7DDA2A2D-A7E5-43A1-BDE2-3D61E0B6EF9A}.Release|Any CPU.ActiveCfg = Release|Any CPU
		{7DDA2A2D-A7E5-43A1-BDE2-3D61E0B6EF9A}.Release|Any CPU.Build.0 = Release|Any CPU
		{7DDA2A2D-A7E5-43A1-BDE2-3D61E0B6EF9A}.Release|x64.ActiveCfg = Release|Any CPU
		{7DDA2A2D-A7E5-43A1-BDE2-3D61E0B6EF9A}.Release|x64.Build.0 = Release|Any CPU
		{7DDA2A2D-A7E5-43A1-BDE2-3D61E0B6EF9A}.Release|x86.ActiveCfg = Release|Any CPU
		{7DDA2A2D-A7E5-43A1-BDE2-3D61E0B6EF9A}.Release|x86.Build.0 = Release|Any CPU
		{C9118564-4169-4916-8E9D-7279D33601C5}.Debug|Any CPU.ActiveCfg = Debug|Any CPU
		{C9118564-4169-4916-8E9D-7279D33601C5}.Debug|Any CPU.Build.0 = Debug|Any CPU
		{C9118564-4169-4916-8E9D-7279D33601C5}.Debug|x64.ActiveCfg = Debug|Any CPU
		{C9118564-4169-4916-8E9D-7279D33601C5}.Debug|x64.Build.0 = Debug|Any CPU
		{C9118564-4169-4916-8E9D-7279D33601C5}.Debug|x86.ActiveCfg = Debug|Any CPU
		{C9118564-4169-4916-8E9D-7279D33601C5}.Debug|x86.Build.0 = Debug|Any CPU
		{C9118564-4169-4916-8E9D-7279D33601C5}.Release|Any CPU.ActiveCfg = Release|Any CPU
		{C9118564-4169-4916-8E9D-7279D33601C5}.Release|Any CPU.Build.0 = Release|Any CPU
		{C9118564-4169-4916-8E9D-7279D33601C5}.Release|x64.ActiveCfg = Release|Any CPU
		{C9118564-4169-4916-8E9D-7279D33601C5}.Release|x64.Build.0 = Release|Any CPU
		{C9118564-4169-4916-8E9D-7279D33601C5}.Release|x86.ActiveCfg = Release|Any CPU
		{C9118564-4169-4916-8E9D-7279D33601C5}.Release|x86.Build.0 = Release|Any CPU
	EndGlobalSection
	GlobalSection(SolutionProperties) = preSolution
		HideSolutionNode = FALSE
	EndGlobalSection
	GlobalSection(NestedProjects) = preSolution
		{F52419E4-231F-4544-A9D1-22A3A505467B} = {2B0BC035-ACF7-59A4-3F7E-FC998CAA23D8}
		{9E6B296F-48BF-4658-B616-070CEDCDB130} = {2B0BC035-ACF7-59A4-3F7E-FC998CAA23D8}
		{82A74D2B-2844-4002-9C88-E85E38289888} = {2B0BC035-ACF7-59A4-3F7E-FC998CAA23D8}
		{58B74CA9-8F16-4D9E-895A-30AF03656496} = {2B0BC035-ACF7-59A4-3F7E-FC998CAA23D8}
		{0E6C5247-8C78-465E-89B2-0937FE475247} = {8DFF389A-A7FC-5C33-300C-38E4A9A08906}
		{629EEC8C-3EB9-4E00-BFF6-8167D930255F} = {8DFF389A-A7FC-5C33-300C-38E4A9A08906}
		{65C189BD-E45E-4A3E-8301-47B31ECFCC02} = {8DFF389A-A7FC-5C33-300C-38E4A9A08906}
		{7DDA2A2D-A7E5-43A1-BDE2-3D61E0B6EF9A} = {8DFF389A-A7FC-5C33-300C-38E4A9A08906}
		{C9118564-4169-4916-8E9D-7279D33601C5} = {8DFF389A-A7FC-5C33-300C-38E4A9A08906}
	EndGlobalSection
EndGlobal
